
Microsoft Visual Studio Solution File, Format Version 12.00
# Visual Studio Version 16
VisualStudioVersion = 16.0.30517.126
MinimumVisualStudioVersion = 10.0.40219.1
Project("{FAE04EC0-301F-11D3-BF4B-00C04F79EFBC}") = "Pocker", "Pocker\Pocker.csproj", "{0EDF4307-860A-4637-AD86-87336131208D}"
EndProject
Project("{FAE04EC0-301F-11D3-BF4B-00C04F79EFBC}") = "Pocker.Test", "Pocker.Test\Pocker.Test.csproj", "{90647835-0F7B-4A74-91AA-4A6E4F5471DB}"
EndProject
Global
	GlobalSection(SolutionConfigurationPlatforms) = preSolution
		Debug|Any CPU = Debug|Any CPU
		Release|Any CPU = Release|Any CPU
	EndGlobalSection
	GlobalSection(ProjectConfigurationPlatforms) = postSolution
		{0EDF4307-860A-4637-AD86-87336131208D}.Debug|Any CPU.ActiveCfg = Debug|Any CPU
		{0EDF4307-860A-4637-AD86-87336131208D}.Debug|Any CPU.Build.0 = Debug|Any CPU
		{0EDF4307-860A-4637-AD86-87336131208D}.Release|Any CPU.ActiveCfg = Release|Any CPU
		{0EDF4307-860A-4637-AD86-87336131208D}.Release|Any CPU.Build.0 = Release|Any CPU
		{90647835-0F7B-4A74-91AA-4A6E4F5471DB}.Debug|Any CPU.ActiveCfg = Debug|Any CPU
		{90647835-0F7B-4A74-91AA-4A6E4F5471DB}.Debug|Any CPU.Build.0 = Debug|Any CPU
		{90647835-0F7B-4A74-91AA-4A6E4F5471DB}.Release|Any CPU.ActiveCfg = Release|Any CPU
		{90647835-0F7B-4A74-91AA-4A6E4F5471DB}.Release|Any CPU.Build.0 = Release|Any CPU
	EndGlobalSection
	GlobalSection(SolutionProperties) = preSolution
		HideSolutionNode = FALSE
	EndGlobalSection
	GlobalSection(ExtensibilityGlobals) = postSolution
		SolutionGuid = {8EF82B15-DB68-4D49-A7D9-A343307E8087}
	EndGlobalSection
EndGlobal
